
Microsoft Visual Studio Solution File, Format Version 12.00
# Visual Studio Version 16
VisualStudioVersion = 16.0.31025.218
MinimumVisualStudioVersion = 10.0.40219.1
Project("{9A19103F-16F7-4668-BE54-9A1E7A4F7556}") = "WebApplication1", "WebApplication1\WebApplication1.csproj", "{EBADB273-5CA9-491A-AD82-1309EC2B48A2}"
EndProject
Global
	GlobalSection(SolutionConfigurationPlatforms) = preSolution
		Debug|Any CPU = Debug|Any CPU
		Release|Any CPU = Release|Any CPU
	EndGlobalSection
	GlobalSection(ProjectConfigurationPlatforms) = postSolution
		{EBADB273-5CA9-491A-AD82-1309EC2B48A2}.Debug|Any CPU.ActiveCfg = Debug|Any CPU
		{EBADB273-5CA9-491A-AD82-1309EC2B48A2}.Debug|Any CPU.Build.0 = Debug|Any CPU
		{EBADB273-5CA9-491A-AD82-1309EC2B48A2}.Release|Any CPU.ActiveCfg = Release|Any CPU
		{EBADB273-5CA9-491A-AD82-1309EC2B48A2}.Release|Any CPU.Build.0 = Release|Any CPU
	EndGlobalSection
	GlobalSection(SolutionProperties) = preSolution
		HideSolutionNode = FALSE
	EndGlobalSection
	GlobalSection(ExtensibilityGlobals) = postSolution
		SolutionGuid = {7A4B95BE-9010-4C19-AFAC-809AE62B48DB}
	EndGlobalSection
EndGlobal
